# This file is generated by running "yarn install" inside your project.
# Manual changes might be lost - proceed with caution!

__metadata:
  version: 6
  cacheKey: 8

"@csstools/postcss-cascade-layers@npm:^1.1.1":
  version: 1.1.1
  resolution: "@csstools/postcss-cascade-layers@npm:1.1.1"
  dependencies:
    "@csstools/selector-specificity": ^2.0.2
    postcss-selector-parser: ^6.0.10
  peerDependencies:
    postcss: ^8.2
  checksum: 8ecd6a929e8ddee3ad0834ab5017f50a569817ba8490d152b11c705c13cf3d9701f74792f375cbd72d8f33a4eeaabb3f984f1514adf8c5a530eb91be70c14cf4
  languageName: node
  linkType: hard

"@csstools/postcss-color-function@npm:^1.1.1":
  version: 1.1.1
  resolution: "@csstools/postcss-color-function@npm:1.1.1"
  dependencies:
    "@csstools/postcss-progressive-custom-properties": ^1.1.0
    postcss-value-parser: ^4.2.0
  peerDependencies:
    postcss: ^8.2
  checksum: 087595985ebcc2fc42013d6305185d4cdc842d87fb261185db905dc31eaa24fc23a7cc068fa3da814b3c8b98164107ddaf1b4ab24f4ff5b2a7b5fbcd4c6ceec9
  languageName: node
  linkType: hard

"@csstools/postcss-font-format-keywords@npm:^1.0.1":
  version: 1.0.1
  resolution: "@csstools/postcss-font-format-keywords@npm:1.0.1"
  dependencies:
    postcss-value-parser: ^4.2.0
  peerDependencies:
    postcss: ^8.2
  checksum: ed8d9eab9793f0184e000709bcb155d4eb96c49a312e3ea9e549e006b74fd4aafac63cb9f9f01bec5b717a833539ff085c3f1ef7d273b97d587769ef637d50c1
  languageName: node
  linkType: hard

"@csstools/postcss-hwb-function@npm:^1.0.2":
  version: 1.0.2
  resolution: "@csstools/postcss-hwb-function@npm:1.0.2"
  dependencies:
    postcss-value-parser: ^4.2.0
  peerDependencies:
    postcss: ^8.2
  checksum: 352ead754a692f7ed33a712c491012cab5c2f2946136a669a354237cfe8e6faca90c7389ee793cb329b9b0ddec984faa06d47e2f875933aaca417afff74ce6aa
  languageName: node
  linkType: hard

"@csstools/postcss-ic-unit@npm:^1.0.1":
  version: 1.0.1
  resolution: "@csstools/postcss-ic-unit@npm:1.0.1"
  dependencies:
    "@csstools/postcss-progressive-custom-properties": ^1.1.0
    postcss-value-parser: ^4.2.0
  peerDependencies:
    postcss: ^8.2
  checksum: 09c414c9b7762b5fbe837ff451d7a11e4890f1ed3c92edc3573f02f3d89747f6ac3f2270799b68a332bd7f5de05bb0dfffddb6323fc4020c2bea33ff58314533
  languageName: node
  linkType: hard

"@csstools/postcss-is-pseudo-class@npm:^2.0.7":
  version: 2.0.7
  resolution: "@csstools/postcss-is-pseudo-class@npm:2.0.7"
  dependencies:
    "@csstools/selector-specificity": ^2.0.0
    postcss-selector-parser: ^6.0.10
  peerDependencies:
    postcss: ^8.2
  checksum: a4494bb8e9a34826944ba6872c91c1e88268caab6d06968897f1a0cc75ca5cfc4989435961fc668a9c6842a6d17f4cda0055fa256d23e598b8bbc6f022956125
  languageName: node
  linkType: hard

"@csstools/postcss-nested-calc@npm:^1.0.0":
  version: 1.0.0
  resolution: "@csstools/postcss-nested-calc@npm:1.0.0"
  dependencies:
    postcss-value-parser: ^4.2.0
  peerDependencies:
    postcss: ^8.2
  checksum: 53bb783dd61621c11c1e6e352f079577e2eb908de67947ceef31a178e070c06c223baae87acd5c3bd51c664515d2adc16166a129159168626111aff548583790
  languageName: node
  linkType: hard

"@csstools/postcss-normalize-display-values@npm:^1.0.1":
  version: 1.0.1
  resolution: "@csstools/postcss-normalize-display-values@npm:1.0.1"
  dependencies:
    postcss-value-parser: ^4.2.0
  peerDependencies:
    postcss: ^8.2
  checksum: 75901daec3869ba15e0adfd50d8e2e754ec06d55ac44fbd540748476388d223d53710fb3a3cbfe6695a2bab015a489fb47d9e3914ff211736923f8deb818dc0b
  languageName: node
  linkType: hard

"@csstools/postcss-oklab-function@npm:^1.1.1":
  version: 1.1.1
  resolution: "@csstools/postcss-oklab-function@npm:1.1.1"
  dependencies:
    "@csstools/postcss-progressive-custom-properties": ^1.1.0
    postcss-value-parser: ^4.2.0
  peerDependencies:
    postcss: ^8.2
  checksum: d66b789060b37ed810450d9a7d8319a0ae14e913c091f3e0ee482b3471538762e801d5eae3d62fda2f1eb1e88c76786d2c2b06c1172166eba1cca5e2a0dc95f2
  languageName: node
  linkType: hard

"@csstools/postcss-progressive-custom-properties@npm:^1.1.0, @csstools/postcss-progressive-custom-properties@npm:^1.3.0":
  version: 1.3.0
  resolution: "@csstools/postcss-progressive-custom-properties@npm:1.3.0"
  dependencies:
    postcss-value-parser: ^4.2.0
  peerDependencies:
    postcss: ^8.3
  checksum: e281845fde5b8a80d06ec20147bd74e96a9351bebbec5e5c3a6fb37ea30a597ff84172601786a8a270662f58f708b4a3bf8d822d6318023def9773d2f6589962
  languageName: node
  linkType: hard

"@csstools/postcss-stepped-value-functions@npm:^1.0.1":
  version: 1.0.1
  resolution: "@csstools/postcss-stepped-value-functions@npm:1.0.1"
  dependencies:
    postcss-value-parser: ^4.2.0
  peerDependencies:
    postcss: ^8.2
  checksum: 2fc88713a0d49d142010652be8139b00719e407df1173e46047284f1befd0647e1fff67f259f9f55ac3b46bba6462b21f0aa192bd10a2989c51a8ce0d25fc495
  languageName: node
  linkType: hard

"@csstools/postcss-text-decoration-shorthand@npm:^1.0.0":
  version: 1.0.0
  resolution: "@csstools/postcss-text-decoration-shorthand@npm:1.0.0"
  dependencies:
    postcss-value-parser: ^4.2.0
  peerDependencies:
    postcss: ^8.2
  checksum: d27aaf97872c42bec9f6fde4d8bf924e89f7886f0aca8e4fc5aaf2f9083b09bb43dbbfa29124fa36fcdeb2d4d3e0459a095acf62188260cd1577e9811bb1276e
  languageName: node
  linkType: hard

"@csstools/postcss-trigonometric-functions@npm:^1.0.2":
  version: 1.0.2
  resolution: "@csstools/postcss-trigonometric-functions@npm:1.0.2"
  dependencies:
    postcss-value-parser: ^4.2.0
  peerDependencies:
    postcss: ^8.2
  checksum: f7f5b5f2492606b79a56f09e814ae8f10a2ae9e9c5fb8019f0e347a4a6c07953b2cc663fd4fa43a60e6994dfd958958f39df8ec760e2a646cfe71fe2bb119382
  languageName: node
  linkType: hard

"@csstools/postcss-unset-value@npm:^1.0.2":
  version: 1.0.2
  resolution: "@csstools/postcss-unset-value@npm:1.0.2"
  peerDependencies:
    postcss: ^8.2
  checksum: 3facdae154d6516ffd964f7582696f406465f11cf8dead503e0afdfecc99ebc25638ab2830affce4516131aa2db004458a235e439f575b04e9ef72ad82f55835
  languageName: node
  linkType: hard

"@csstools/selector-specificity@npm:^2.0.0, @csstools/selector-specificity@npm:^2.0.2":
  version: 2.1.1
  resolution: "@csstools/selector-specificity@npm:2.1.1"
  peerDependencies:
    postcss: ^8.4
    postcss-selector-parser: ^6.0.10
  checksum: 392ab62732e93aa8cbea445bf3485c1acbbecc8ec087b200e06c9ddd2acf740fd1fe46abdacf813e7a50a95a60346377ee3eecb4e1fe3709582e2851430b376a
  languageName: node
  linkType: hard

"@next/env@npm:12.3.4":
  version: 12.3.4
  resolution: "@next/env@npm:12.3.4"
  checksum: daa3fc11efd1344c503eab41311a0e503ba7fd08607eeb3dc571036a6211eb37959cc4ed48b71dcc411cc214e7623ffd02411080aad3e09dc6a1192d5b256e60
  languageName: node
  linkType: hard

"@next/swc-android-arm-eabi@npm:12.3.4":
  version: 12.3.4
  resolution: "@next/swc-android-arm-eabi@npm:12.3.4"
  conditions: os=android & cpu=arm
  languageName: node
  linkType: hard

"@next/swc-android-arm64@npm:12.3.4":
  version: 12.3.4
  resolution: "@next/swc-android-arm64@npm:12.3.4"
  conditions: os=android & cpu=arm64
  languageName: node
  linkType: hard

"@next/swc-darwin-arm64@npm:12.3.4":
  version: 12.3.4
  resolution: "@next/swc-darwin-arm64@npm:12.3.4"
  conditions: os=darwin & cpu=arm64
  languageName: node
  linkType: hard

"@next/swc-darwin-x64@npm:12.3.4":
  version: 12.3.4
  resolution: "@next/swc-darwin-x64@npm:12.3.4"
  conditions: os=darwin & cpu=x64
  languageName: node
  linkType: hard

"@next/swc-freebsd-x64@npm:12.3.4":
  version: 12.3.4
  resolution: "@next/swc-freebsd-x64@npm:12.3.4"
  conditions: os=freebsd & cpu=x64
  languageName: node
  linkType: hard

"@next/swc-linux-arm-gnueabihf@npm:12.3.4":
  version: 12.3.4
  resolution: "@next/swc-linux-arm-gnueabihf@npm:12.3.4"
  conditions: os=linux & cpu=arm
  languageName: node
  linkType: hard

"@next/swc-linux-arm64-gnu@npm:12.3.4":
  version: 12.3.4
  resolution: "@next/swc-linux-arm64-gnu@npm:12.3.4"
  conditions: os=linux & cpu=arm64 & libc=glibc
  languageName: node
  linkType: hard

"@next/swc-linux-arm64-musl@npm:12.3.4":
  version: 12.3.4
  resolution: "@next/swc-linux-arm64-musl@npm:12.3.4"
  conditions: os=linux & cpu=arm64 & libc=musl
  languageName: node
  linkType: hard

"@next/swc-linux-x64-gnu@npm:12.3.4":
  version: 12.3.4
  resolution: "@next/swc-linux-x64-gnu@npm:12.3.4"
  conditions: os=linux & cpu=x64 & libc=glibc
  languageName: node
  linkType: hard

"@next/swc-linux-x64-musl@npm:12.3.4":
  version: 12.3.4
  resolution: "@next/swc-linux-x64-musl@npm:12.3.4"
  conditions: os=linux & cpu=x64 & libc=musl
  languageName: node
  linkType: hard

"@next/swc-win32-arm64-msvc@npm:12.3.4":
  version: 12.3.4
  resolution: "@next/swc-win32-arm64-msvc@npm:12.3.4"
  conditions: os=win32 & cpu=arm64
  languageName: node
  linkType: hard

"@next/swc-win32-ia32-msvc@npm:12.3.4":
  version: 12.3.4
  resolution: "@next/swc-win32-ia32-msvc@npm:12.3.4"
  conditions: os=win32 & cpu=ia32
  languageName: node
  linkType: hard

"@next/swc-win32-x64-msvc@npm:12.3.4":
  version: 12.3.4
  resolution: "@next/swc-win32-x64-msvc@npm:12.3.4"
  conditions: os=win32 & cpu=x64
  languageName: node
  linkType: hard

"@swc/helpers@npm:0.4.11":
  version: 0.4.11
  resolution: "@swc/helpers@npm:0.4.11"
  dependencies:
    tslib: ^2.4.0
  checksum: 736857d524b41a8a4db81094e9b027f554004e0fa3e86325d85bdb38f7e6459ce022db079edb6c61ba0f46fe8583b3e663e95f7acbd13e51b8da6c34e45bba2e
  languageName: node
  linkType: hard

"@types/prop-types@npm:*":
  version: 15.7.5
  resolution: "@types/prop-types@npm:15.7.5"
  checksum: 5b43b8b15415e1f298243165f1d44390403bb2bd42e662bca3b5b5633fdd39c938e91b7fce3a9483699db0f7a715d08cef220c121f723a634972fdf596aec980
  languageName: node
  linkType: hard

"@types/react-dom@npm:^18.0.11":
  version: 18.0.11
  resolution: "@types/react-dom@npm:18.0.11"
  dependencies:
    "@types/react": "*"
  checksum: 579691e4d5ec09688087568037c35edf8cfb1ab3e07f6c60029280733ee7b5c06d66df6fcc90786702c93ac8cb13bc7ff16c79ddfc75d082938fbaa36e1cdbf4
  languageName: node
  linkType: hard

"@types/react@npm:*, @types/react@npm:^18.0.28":
  version: 18.0.28
  resolution: "@types/react@npm:18.0.28"
  dependencies:
    "@types/prop-types": "*"
    "@types/scheduler": "*"
    csstype: ^3.0.2
  checksum: e752df961105e5127652460504785897ca6e77259e0da8f233f694f9e8f451cde7fa0709d4456ade0ff600c8ce909cfe29f9b08b9c247fa9b734e126ec53edd7
  languageName: node
  linkType: hard

"@types/scheduler@npm:*":
  version: 0.16.2
  resolution: "@types/scheduler@npm:0.16.2"
  checksum: b6b4dcfeae6deba2e06a70941860fb1435730576d3689225a421280b7742318d1548b3d22c1f66ab68e414f346a9542f29240bc955b6332c5b11e561077583bc
  languageName: node
  linkType: hard

"autoprefixer@npm:^10.4.13":
  version: 10.4.13
  resolution: "autoprefixer@npm:10.4.13"
  dependencies:
    browserslist: ^4.21.4
    caniuse-lite: ^1.0.30001426
    fraction.js: ^4.2.0
    normalize-range: ^0.1.2
    picocolors: ^1.0.0
    postcss-value-parser: ^4.2.0
  peerDependencies:
    postcss: ^8.1.0
  bin:
    autoprefixer: bin/autoprefixer
  checksum: dcb1cb7ae96a3363d65d82e52f9a0a7d8c982256f6fd032d7e1ec311f099c23acfebfd517ff8e96bf93f716a66c4ea2b80c60aa19efd2f474ce434bd75ef7b79
  languageName: node
  linkType: hard

"browserslist@npm:^4.21.4":
  version: 4.21.5
  resolution: "browserslist@npm:4.21.5"
  dependencies:
    caniuse-lite: ^1.0.30001449
    electron-to-chromium: ^1.4.284
    node-releases: ^2.0.8
    update-browserslist-db: ^1.0.10
  bin:
    browserslist: cli.js
  checksum: 9755986b22e73a6a1497fd8797aedd88e04270be33ce66ed5d85a1c8a798292a65e222b0f251bafa1c2522261e237d73b08b58689d4920a607e5a53d56dc4706
  languageName: node
  linkType: hard

"caniuse-lite@npm:^1.0.30001406, caniuse-lite@npm:^1.0.30001426, caniuse-lite@npm:^1.0.30001449":
  version: 1.0.30001450
  resolution: "caniuse-lite@npm:1.0.30001450"
  checksum: 511b360bfc907b2e437699364cf96b83507bc45043926450056642332bcd6f65a1e72540c828534ae15e0ac906e3e9af46cb2bb84458dd580bc31478e9dce282
  languageName: node
  linkType: hard

"clsx@npm:^1.1.1":
  version: 1.2.1
  resolution: "clsx@npm:1.2.1"
  checksum: 30befca8019b2eb7dbad38cff6266cf543091dae2825c856a62a8ccf2c3ab9c2907c4d12b288b73101196767f66812365400a227581484a05f968b0307cfaf12
  languageName: node
  linkType: hard

"css-blank-pseudo@npm:^3.0.3":
  version: 3.0.3
  resolution: "css-blank-pseudo@npm:3.0.3"
  dependencies:
    postcss-selector-parser: ^6.0.9
  peerDependencies:
    postcss: ^8.4
  bin:
    css-blank-pseudo: dist/cli.cjs
  checksum: 9be0a13885a99d8ba9e1f45ea66e801d4da75b58c1c3c516a40772fa3a93ef9952b15dcac0418acbb6c89daaae0572819647701b8e553a02972826e33d4cd67f
  languageName: node
  linkType: hard

"css-has-pseudo@npm:^3.0.4":
  version: 3.0.4
  resolution: "css-has-pseudo@npm:3.0.4"
  dependencies:
    postcss-selector-parser: ^6.0.9
  peerDependencies:
    postcss: ^8.4
  bin:
    css-has-pseudo: dist/cli.cjs
  checksum: 8f165d68f6621891d9fa1d874794916a52ed8847dfbec591523ad68774650cc1eae062ba08f59514666e04aeba27be72c9b211892f3a187c5ba6e287bd4260e7
  languageName: node
  linkType: hard

"css-mediaquery@npm:^0.1.2":
  version: 0.1.2
  resolution: "css-mediaquery@npm:0.1.2"
  checksum: 8e26ae52d8aaaa71893f82fc485363ff0fab494b7d3b3464572aaed50714b8b538d33dbdaa69f0c02cf7f80d1f4d9a77519306c0492223ce91b3987475031a69
  languageName: node
  linkType: hard

"css-prefers-color-scheme@npm:^6.0.3":
  version: 6.0.3
  resolution: "css-prefers-color-scheme@npm:6.0.3"
  peerDependencies:
    postcss: ^8.4
  bin:
    css-prefers-color-scheme: dist/cli.cjs
  checksum: 3a2b02f0454adda68861cdcaf6a0d11f462eadf165301cba61c5ec7c5f229ac261c5baa54c377d9b811ec5f21b30d72a02bc032cdad2415b3a566f08a0c47b3a
  languageName: node
  linkType: hard

"cssdb@npm:^7.1.0":
  version: 7.4.1
  resolution: "cssdb@npm:7.4.1"
  checksum: c58803ce3e0e60af8a5a1101f365a5ea0cf1a6a5eddcd5c6fb5d92aaf187e2c11c5620185fd7096cb920c3ce087f9edb2234348a33d06433e12c1ce7fcf93197
  languageName: node
  linkType: hard

"cssesc@npm:^3.0.0":
  version: 3.0.0
  resolution: "cssesc@npm:3.0.0"
  bin:
    cssesc: bin/cssesc
  checksum: f8c4ababffbc5e2ddf2fa9957dda1ee4af6048e22aeda1869d0d00843223c1b13ad3f5d88b51caa46c994225eacb636b764eb807a8883e2fb6f99b4f4e8c48b2
  languageName: node
  linkType: hard

"csstype@npm:^3.0.2":
  version: 3.1.1
  resolution: "csstype@npm:3.1.1"
  checksum: 1f7b4f5fdd955b7444b18ebdddf3f5c699159f13e9cf8ac9027ae4a60ae226aef9bbb14a6e12ca7dba3358b007cee6354b116e720262867c398de6c955ea451d
  languageName: node
  linkType: hard

"electron-to-chromium@npm:^1.4.284":
  version: 1.4.286
  resolution: "electron-to-chromium@npm:1.4.286"
  checksum: 6b53e2aea63892cb4af85ea4ee5ed2b6d848713519987efcf4c1177a32e2fe6d04a7f591f5bcd1feab0b3c88890c6eaf65b6feb16c0e0319bf07e31de31930af
  languageName: node
  linkType: hard

"escalade@npm:^3.1.1":
  version: 3.1.1
  resolution: "escalade@npm:3.1.1"
  checksum: a3e2a99f07acb74b3ad4989c48ca0c3140f69f923e56d0cba0526240ee470b91010f9d39001f2a4a313841d237ede70a729e92125191ba5d21e74b106800b133
  languageName: node
  linkType: hard

"fraction.js@npm:^4.2.0":
  version: 4.2.0
  resolution: "fraction.js@npm:4.2.0"
  checksum: 8c76a6e21dedea87109d6171a0ac77afa14205794a565d71cb10d2925f629a3922da61bf45ea52dbc30bce4d8636dc0a27213a88cbd600eab047d82f9a3a94c5
  languageName: node
  linkType: hard

"hyphenate-style-name@npm:^1.0.0":
  version: 1.0.4
  resolution: "hyphenate-style-name@npm:1.0.4"
  checksum: 4f5bf4b055089754924babebaa23c17845937bcca6aee95d5d015f8fa1e6814279002bd6a9e541e3fac2cd02519fc76305396727066c57c8e21a7e73e7a12137
  languageName: node
  linkType: hard

"js-tokens@npm:^3.0.0 || ^4.0.0":
  version: 4.0.0
  resolution: "js-tokens@npm:4.0.0"
  checksum: 8a95213a5a77deb6cbe94d86340e8d9ace2b93bc367790b260101d2f36a2eaf4e4e22d9fa9cf459b38af3a32fb4190e638024cf82ec95ef708680e405ea7cc78
  languageName: node
  linkType: hard

"lodash@npm:^4.17.21":
  version: 4.17.21
  resolution: "lodash@npm:4.17.21"
  checksum: eb835a2e51d381e561e508ce932ea50a8e5a68f4ebdd771ea240d3048244a8d13658acbd502cd4829768c56f2e16bdd4340b9ea141297d472517b83868e677f7
  languageName: node
  linkType: hard

"loose-envify@npm:^1.1.0, loose-envify@npm:^1.4.0":
  version: 1.4.0
  resolution: "loose-envify@npm:1.4.0"
  dependencies:
    js-tokens: ^3.0.0 || ^4.0.0
  bin:
    loose-envify: cli.js
  checksum: 6517e24e0cad87ec9888f500c5b5947032cdfe6ef65e1c1936a0c48a524b81e65542c9c3edc91c97d5bddc806ee2a985dbc79be89215d613b1de5db6d1cfe6f4
  languageName: node
  linkType: hard

"matchmediaquery@npm:^0.3.0":
  version: 0.3.1
  resolution: "matchmediaquery@npm:0.3.1"
  dependencies:
    css-mediaquery: ^0.1.2
  checksum: 154e1650f79d78858424d7086093756ad2fdb1cd9ad19230b99a47c363a1da9c6692d6ca56ea49447fb516f580c59fd60d8b9a06247e088d8e1a658e6e5604d7
  languageName: node
  linkType: hard

"nanoid@npm:^3.3.4":
  version: 3.3.4
  resolution: "nanoid@npm:3.3.4"
  bin:
    nanoid: bin/nanoid.cjs
  checksum: 2fddd6dee994b7676f008d3ffa4ab16035a754f4bb586c61df5a22cf8c8c94017aadd360368f47d653829e0569a92b129979152ff97af23a558331e47e37cd9c
  languageName: node
  linkType: hard

"next@npm:^12.3.1":
  version: 12.3.4
  resolution: "next@npm:12.3.4"
  dependencies:
    "@next/env": 12.3.4
    "@next/swc-android-arm-eabi": 12.3.4
    "@next/swc-android-arm64": 12.3.4
    "@next/swc-darwin-arm64": 12.3.4
    "@next/swc-darwin-x64": 12.3.4
    "@next/swc-freebsd-x64": 12.3.4
    "@next/swc-linux-arm-gnueabihf": 12.3.4
    "@next/swc-linux-arm64-gnu": 12.3.4
    "@next/swc-linux-arm64-musl": 12.3.4
    "@next/swc-linux-x64-gnu": 12.3.4
    "@next/swc-linux-x64-musl": 12.3.4
    "@next/swc-win32-arm64-msvc": 12.3.4
    "@next/swc-win32-ia32-msvc": 12.3.4
    "@next/swc-win32-x64-msvc": 12.3.4
    "@swc/helpers": 0.4.11
    caniuse-lite: ^1.0.30001406
    postcss: 8.4.14
    styled-jsx: 5.0.7
    use-sync-external-store: 1.2.0
  peerDependencies:
    fibers: ">= 3.1.0"
    node-sass: ^6.0.0 || ^7.0.0
    react: ^17.0.2 || ^18.0.0-0
    react-dom: ^17.0.2 || ^18.0.0-0
    sass: ^1.3.0
  dependenciesMeta:
    "@next/swc-android-arm-eabi":
      optional: true
    "@next/swc-android-arm64":
      optional: true
    "@next/swc-darwin-arm64":
      optional: true
    "@next/swc-darwin-x64":
      optional: true
    "@next/swc-freebsd-x64":
      optional: true
    "@next/swc-linux-arm-gnueabihf":
      optional: true
    "@next/swc-linux-arm64-gnu":
      optional: true
    "@next/swc-linux-arm64-musl":
      optional: true
    "@next/swc-linux-x64-gnu":
      optional: true
    "@next/swc-linux-x64-musl":
      optional: true
    "@next/swc-win32-arm64-msvc":
      optional: true
    "@next/swc-win32-ia32-msvc":
      optional: true
    "@next/swc-win32-x64-msvc":
      optional: true
  peerDependenciesMeta:
    fibers:
      optional: true
    node-sass:
      optional: true
    sass:
      optional: true
  bin:
    next: dist/bin/next
  checksum: d96fc4f5bcd5a630d74111519f4820dcbd75dddf16c6d00d2167bd3cb8d74965d46d83c8e5ec301bf999013c7d96f1bfff9424f0221317d68b594c4d01f5825e
  languageName: node
  linkType: hard

"node-releases@npm:^2.0.8":
  version: 2.0.9
  resolution: "node-releases@npm:2.0.9"
  checksum: 3ae6b1b300dc72c1a628861093d339a01aa017d3ad9017b0478384be29d6f9c93b9e26c91fce79728cecaadc04d0f16834b7ae1a018730e3e54962ec8c6aa86f
  languageName: node
  linkType: hard

"normalize-range@npm:^0.1.2":
  version: 0.1.2
  resolution: "normalize-range@npm:0.1.2"
  checksum: 9b2f14f093593f367a7a0834267c24f3cb3e887a2d9809c77d8a7e5fd08738bcd15af46f0ab01cc3a3d660386f015816b5c922cea8bf2ee79777f40874063184
  languageName: node
  linkType: hard

"object-assign@npm:^4.1.1":
  version: 4.1.1
  resolution: "object-assign@npm:4.1.1"
  checksum: fcc6e4ea8c7fe48abfbb552578b1c53e0d194086e2e6bbbf59e0a536381a292f39943c6e9628af05b5528aa5e3318bb30d6b2e53cadaf5b8fe9e12c4b69af23f
  languageName: node
  linkType: hard

"picocolors@npm:^1.0.0":
  version: 1.0.0
  resolution: "picocolors@npm:1.0.0"
  checksum: a2e8092dd86c8396bdba9f2b5481032848525b3dc295ce9b57896f931e63fc16f79805144321f72976383fc249584672a75cc18d6777c6b757603f372f745981
  languageName: node
  linkType: hard

"postcss-attribute-case-insensitive@npm:^5.0.2":
  version: 5.0.2
  resolution: "postcss-attribute-case-insensitive@npm:5.0.2"
  dependencies:
    postcss-selector-parser: ^6.0.10
  peerDependencies:
    postcss: ^8.2
  checksum: c0b8139f37e68dba372724cba03a53c30716224f0085f98485cada99489beb7c3da9d598ffc1d81519b59d9899291712c9041c250205e6ec0b034bb2c144dcf9
  languageName: node
  linkType: hard

"postcss-clamp@npm:^4.1.0":
  version: 4.1.0
  resolution: "postcss-clamp@npm:4.1.0"
  dependencies:
    postcss-value-parser: ^4.2.0
  peerDependencies:
    postcss: ^8.4.6
  checksum: 118eec936b3b035dc8d75c89973408f15c5a3de3d1ee210a2b3511e3e431d9c56e6f354b509a90540241e2225ffe3caaa2fdf25919c63348ce4583a28ada642c
  languageName: node
  linkType: hard

"postcss-color-functional-notation@npm:^4.2.4":
  version: 4.2.4
  resolution: "postcss-color-functional-notation@npm:4.2.4"
  dependencies:
    postcss-value-parser: ^4.2.0
  peerDependencies:
    postcss: ^8.2
  checksum: b763e164fe3577a1de96f75e4bf451585c4f80b8ce60799763a51582cc9402d76faed57324a5d5e5556d90ca7ea0ebde565acb820c95e04bee6f36a91b019831
  languageName: node
  linkType: hard

"postcss-color-hex-alpha@npm:^8.0.4":
  version: 8.0.4
  resolution: "postcss-color-hex-alpha@npm:8.0.4"
  dependencies:
    postcss-value-parser: ^4.2.0
  peerDependencies:
    postcss: ^8.4
  checksum: a2f3173a60176cf0aea3b7ebbc799b2cb08229127f0fff708fa31efa14e4ded47ca49aff549d8ed92e74ffe24adee32d5b9d557dbde0524fde5fe389bc520b4e
  languageName: node
  linkType: hard

"postcss-color-rebeccapurple@npm:^7.1.1":
  version: 7.1.1
  resolution: "postcss-color-rebeccapurple@npm:7.1.1"
  dependencies:
    postcss-value-parser: ^4.2.0
  peerDependencies:
    postcss: ^8.2
  checksum: 03482f9b8170da0fa014c41a5d88bce7b987471fb73fc456d397222a2455c89ac7f974dd6ddf40fd31907e768aad158057164b7c5f62cee63a6ecf29d47d7467
  languageName: node
  linkType: hard

"postcss-custom-media@npm:^8.0.2":
  version: 8.0.2
  resolution: "postcss-custom-media@npm:8.0.2"
  dependencies:
    postcss-value-parser: ^4.2.0
  peerDependencies:
    postcss: ^8.3
  checksum: 887bbbacf6f8fab688123796e5dc1e8283b99f21e4c674235bd929dc8018c50df8634ea08932033ec93baaca32670ef2b87e6632863e0b4d84847375dbde9366
  languageName: node
  linkType: hard

"postcss-custom-properties@npm:^12.1.10":
  version: 12.1.11
  resolution: "postcss-custom-properties@npm:12.1.11"
  dependencies:
    postcss-value-parser: ^4.2.0
  peerDependencies:
    postcss: ^8.2
  checksum: 421f9d8d6b9c9066919f39251859232efc4dc5dd406c01e62e08734319a6ccda6d03dd6b46063ba0971053ac6ad3f7abade56d67650b3e370851b2291e8e45e6
  languageName: node
  linkType: hard

"postcss-custom-selectors@npm:^6.0.3":
  version: 6.0.3
  resolution: "postcss-custom-selectors@npm:6.0.3"
  dependencies:
    postcss-selector-parser: ^6.0.4
  peerDependencies:
    postcss: ^8.3
  checksum: 18080d60a8a77a76d8ddff185104d65418fffd02bbf9824499f807ced7941509ba63828ab8fe3ec1d6b0d6c72a482bb90a79d79cdef58e5f4b30113cca16e69b
  languageName: node
  linkType: hard

"postcss-dir-pseudo-class@npm:^6.0.5":
  version: 6.0.5
  resolution: "postcss-dir-pseudo-class@npm:6.0.5"
  dependencies:
    postcss-selector-parser: ^6.0.10
  peerDependencies:
    postcss: ^8.2
  checksum: 7810c439d8d1a9072c00f8ab39261a1492873ad170425745bd2819c59767db2f352f906588fc2a7d814e91117900563d7e569ecd640367c7332b26b9829927ef
  languageName: node
  linkType: hard

"postcss-double-position-gradients@npm:^3.1.2":
  version: 3.1.2
  resolution: "postcss-double-position-gradients@npm:3.1.2"
  dependencies:
    "@csstools/postcss-progressive-custom-properties": ^1.1.0
    postcss-value-parser: ^4.2.0
  peerDependencies:
    postcss: ^8.2
  checksum: ca09bf2aefddc180f1c1413f379eef30d492b8147543413f7251216f23f413c394b2ed10b7cd255e87b18e0c8efe36087ea8b9bfb26a09813f9607a0b8e538b6
  languageName: node
  linkType: hard

"postcss-env-function@npm:^4.0.6":
  version: 4.0.6
  resolution: "postcss-env-function@npm:4.0.6"
  dependencies:
    postcss-value-parser: ^4.2.0
  peerDependencies:
    postcss: ^8.4
  checksum: 645b2363cfa21be9dcce7fe4a0f172f0af70c00d6a4c1eb3d7ff7e9cfe26d569e291ec2533114d77b12d610023cd168a92d62c38f2fc969fa333b5ae2bff5ffe
  languageName: node
  linkType: hard

"postcss-focus-visible@npm:^6.0.4":
  version: 6.0.4
  resolution: "postcss-focus-visible@npm:6.0.4"
  dependencies:
    postcss-selector-parser: ^6.0.9
  peerDependencies:
    postcss: ^8.4
  checksum: acd010b9ddef9b86ffb5fa604c13515ba83e18bc5118dad0a1281150f412aa0ece056c2c5ac56b55e2599f53ab0f740f5ebfdc51e1f5cfe43b8130bac0096fcc
  languageName: node
  linkType: hard

"postcss-focus-within@npm:^5.0.4":
  version: 5.0.4
  resolution: "postcss-focus-within@npm:5.0.4"
  dependencies:
    postcss-selector-parser: ^6.0.9
  peerDependencies:
    postcss: ^8.4
  checksum: f23d8ab757345a6deaa807d76e10c88caf4b771c38b60e1593b24aee161c503b5823620e89302226a6ae5e7afdb6ac31809241291912e4176eb594a7ddcc9521
  languageName: node
  linkType: hard

"postcss-font-variant@npm:^5.0.0":
  version: 5.0.0
  resolution: "postcss-font-variant@npm:5.0.0"
  peerDependencies:
    postcss: ^8.1.0
  checksum: a19286589261c2bc3e20470486e1ee3b4daf34271c5020167f30856c9b30c26f23264307cb97a184d503814e1b8c5d8a1f9f64a14fd4fd9551c173dca9424695
  languageName: node
  linkType: hard

"postcss-gap-properties@npm:^3.0.5":
  version: 3.0.5
  resolution: "postcss-gap-properties@npm:3.0.5"
  peerDependencies:
    postcss: ^8.2
  checksum: aed559d6d375203a08a006c9ae8cf5ae90d9edaec5cadd20fe65c1b8ce63c2bc8dfe752d4331880a6e24a300541cde61058be790b7bd9b5d04d470c250fbcd39
  languageName: node
  linkType: hard

"postcss-image-set-function@npm:^4.0.7":
  version: 4.0.7
  resolution: "postcss-image-set-function@npm:4.0.7"
  dependencies:
    postcss-value-parser: ^4.2.0
  peerDependencies:
    postcss: ^8.2
  checksum: 7e509330986de14250ead1a557e8da8baaf66ebe8a40354a5dff60ab40d99a483d92aa57d52713251ca1adbf0055ef476c5702b0d0ba5f85a4f407367cdabac0
  languageName: node
  linkType: hard

"postcss-initial@npm:^4.0.1":
  version: 4.0.1
  resolution: "postcss-initial@npm:4.0.1"
  peerDependencies:
    postcss: ^8.0.0
  checksum: 6956953853865de79c39d11533a2860e9f38b770bb284d0010d98a00b9469e22de344e4e5fd8208614d797030487e8918dd2f2c37d9e24d4dd59d565d4fc3e12
  languageName: node
  linkType: hard

"postcss-lab-function@npm:^4.2.1":
  version: 4.2.1
  resolution: "postcss-lab-function@npm:4.2.1"
  dependencies:
    "@csstools/postcss-progressive-custom-properties": ^1.1.0
    postcss-value-parser: ^4.2.0
  peerDependencies:
    postcss: ^8.2
  checksum: 26ac74b430011271b5581beba69b2cd788f56375fcb64c90f6ec1577379af85f6022dc38c410ff471dac520c7ddc289160a6a16cca3c7ff76f5af7e90d31eaa3
  languageName: node
  linkType: hard

"postcss-logical@npm:^5.0.4":
  version: 5.0.4
  resolution: "postcss-logical@npm:5.0.4"
  peerDependencies:
    postcss: ^8.4
  checksum: 17c71291ed6a03883a5aa54b9923b874c32710707d041a0f0752e6febdb09dee5d2abf4ef271978d932e4a4c948f349bb23edf633c03e3427ba15e71bfc66ac7
  languageName: node
  linkType: hard

"postcss-media-minmax@npm:^5.0.0":
  version: 5.0.0
  resolution: "postcss-media-minmax@npm:5.0.0"
  peerDependencies:
    postcss: ^8.1.0
  checksum: 2cd7283e07a1ac1acdcc3ecbaa0e9932f8d1e7647e7aeb14d91845fcb890d60d7257ec70c825cae8d48ae80a08cc77ebc4021a0dfa32360e0cd991e2bc021607
  languageName: node
  linkType: hard

"postcss-nesting@npm:^10.2.0":
  version: 10.2.0
  resolution: "postcss-nesting@npm:10.2.0"
  dependencies:
    "@csstools/selector-specificity": ^2.0.0
    postcss-selector-parser: ^6.0.10
  peerDependencies:
    postcss: ^8.2
  checksum: 25e6e66186bd7f18bc4628cf0f43e02189268f28a449aa4a63b33b8f2c33745af99acfcd4ce2ac69319dc850e83b28dbaabcf517e3977dfe20e37fed0e032c7d
  languageName: node
  linkType: hard

"postcss-opacity-percentage@npm:^1.1.2":
  version: 1.1.3
  resolution: "postcss-opacity-percentage@npm:1.1.3"
  peerDependencies:
    postcss: ^8.2
  checksum: 54d1b8ca68035bc1a5788aaabdbc3b66ffee34b5a2412cecf073627dad7e3f2bae07c01fac3bc7f46bbac5da3291ac9ddcf74bfee26dfd86f9f96c847a0afc13
  languageName: node
  linkType: hard

"postcss-overflow-shorthand@npm:^3.0.4":
  version: 3.0.4
  resolution: "postcss-overflow-shorthand@npm:3.0.4"
  dependencies:
    postcss-value-parser: ^4.2.0
  peerDependencies:
    postcss: ^8.2
  checksum: 74009022491e3901263f8f5811630393480323e51f5d23ef17f3fdc7e03bf9c2502a632f3ba8fe6a468b57590f13b2fa3b17a68ef19653589e76277607696743
  languageName: node
  linkType: hard

"postcss-page-break@npm:^3.0.4":
  version: 3.0.4
  resolution: "postcss-page-break@npm:3.0.4"
  peerDependencies:
    postcss: ^8
  checksum: a7d08c945fc691f62c77ac701e64722218b14ec5c8fc1972b8af9c21553492d40808cf95e61b9697b1dacaf7e6180636876d7fee314f079e6c9e39ac1b1edc6f
  languageName: node
  linkType: hard

"postcss-place@npm:^7.0.5":
  version: 7.0.5
  resolution: "postcss-place@npm:7.0.5"
  dependencies:
    postcss-value-parser: ^4.2.0
  peerDependencies:
    postcss: ^8.2
  checksum: 903fec0c313bb7ec20f2c8f0a125866fb7804aa3186b5b2c7c2d58cb9039ff301461677a060e9db643d1aaffaf80a0ff71e900a6da16705dad6b49c804cb3c73
  languageName: node
  linkType: hard

"postcss-preset-env@npm:^7.8.3":
  version: 7.8.3
  resolution: "postcss-preset-env@npm:7.8.3"
  dependencies:
    "@csstools/postcss-cascade-layers": ^1.1.1
    "@csstools/postcss-color-function": ^1.1.1
    "@csstools/postcss-font-format-keywords": ^1.0.1
    "@csstools/postcss-hwb-function": ^1.0.2
    "@csstools/postcss-ic-unit": ^1.0.1
    "@csstools/postcss-is-pseudo-class": ^2.0.7
    "@csstools/postcss-nested-calc": ^1.0.0
    "@csstools/postcss-normalize-display-values": ^1.0.1
    "@csstools/postcss-oklab-function": ^1.1.1
    "@csstools/postcss-progressive-custom-properties": ^1.3.0
    "@csstools/postcss-stepped-value-functions": ^1.0.1
    "@csstools/postcss-text-decoration-shorthand": ^1.0.0
    "@csstools/postcss-trigonometric-functions": ^1.0.2
    "@csstools/postcss-unset-value": ^1.0.2
    autoprefixer: ^10.4.13
    browserslist: ^4.21.4
    css-blank-pseudo: ^3.0.3
    css-has-pseudo: ^3.0.4
    css-prefers-color-scheme: ^6.0.3
    cssdb: ^7.1.0
    postcss-attribute-case-insensitive: ^5.0.2
    postcss-clamp: ^4.1.0
    postcss-color-functional-notation: ^4.2.4
    postcss-color-hex-alpha: ^8.0.4
    postcss-color-rebeccapurple: ^7.1.1
    postcss-custom-media: ^8.0.2
    postcss-custom-properties: ^12.1.10
    postcss-custom-selectors: ^6.0.3
    postcss-dir-pseudo-class: ^6.0.5
    postcss-double-position-gradients: ^3.1.2
    postcss-env-function: ^4.0.6
    postcss-focus-visible: ^6.0.4
    postcss-focus-within: ^5.0.4
    postcss-font-variant: ^5.0.0
    postcss-gap-properties: ^3.0.5
    postcss-image-set-function: ^4.0.7
    postcss-initial: ^4.0.1
    postcss-lab-function: ^4.2.1
    postcss-logical: ^5.0.4
    postcss-media-minmax: ^5.0.0
    postcss-nesting: ^10.2.0
    postcss-opacity-percentage: ^1.1.2
    postcss-overflow-shorthand: ^3.0.4
    postcss-page-break: ^3.0.4
    postcss-place: ^7.0.5
    postcss-pseudo-class-any-link: ^7.1.6
    postcss-replace-overflow-wrap: ^4.0.0
    postcss-selector-not: ^6.0.1
    postcss-value-parser: ^4.2.0
  peerDependencies:
    postcss: ^8.2
  checksum: 71bfb697ffc55e27895b2bf3a579dd9b4c1321872816091935e33d6f659cab60795a03bb022dc8a4cab48fd5680a419fe9ae5d61a3a3d8c785ec9308f323e787
  languageName: node
  linkType: hard

"postcss-pseudo-class-any-link@npm:^7.1.6":
  version: 7.1.6
  resolution: "postcss-pseudo-class-any-link@npm:7.1.6"
  dependencies:
    postcss-selector-parser: ^6.0.10
  peerDependencies:
    postcss: ^8.2
  checksum: 43aa18ea1ef1b168f61310856dd92f46ceb3dc60b6cf820e079ca1a849df5cc0f12a1511bdc1811a23f03d60ddcc959200c80c3f9a7b57feebe32bab226afb39
  languageName: node
  linkType: hard

"postcss-replace-overflow-wrap@npm:^4.0.0":
  version: 4.0.0
  resolution: "postcss-replace-overflow-wrap@npm:4.0.0"
  peerDependencies:
    postcss: ^8.0.3
  checksum: 3ffe20b300a4c377a11c588b142740d8557e03c707474c45234c934190ac374750ddc92c7906c373471d273a20504a429c2062c21fdcaff830fb28e0a81ac1dc
  languageName: node
  linkType: hard

"postcss-selector-not@npm:^6.0.1":
  version: 6.0.1
  resolution: "postcss-selector-not@npm:6.0.1"
  dependencies:
    postcss-selector-parser: ^6.0.10
  peerDependencies:
    postcss: ^8.2
  checksum: fe523a0219e4bd34f04498534bb9e8aec3193f3585eafe4c388d086955b41201cae71fd20980ca465acade7f182029b43dbd5ca7e9d50bf34bbcaf1d19fe3ee6
  languageName: node
  linkType: hard

"postcss-selector-parser@npm:^6.0.10, postcss-selector-parser@npm:^6.0.4, postcss-selector-parser@npm:^6.0.9":
  version: 6.0.11
  resolution: "postcss-selector-parser@npm:6.0.11"
  dependencies:
    cssesc: ^3.0.0
    util-deprecate: ^1.0.2
  checksum: 0b01aa9c2d2c8dbeb51e9b204796b678284be9823abc8d6d40a8b16d4149514e922c264a8ed4deb4d6dbced564b9be390f5942c058582d8656351516d6c49cde
  languageName: node
  linkType: hard

"postcss-value-parser@npm:^4.2.0":
  version: 4.2.0
  resolution: "postcss-value-parser@npm:4.2.0"
  checksum: 819ffab0c9d51cf0acbabf8996dffbfafbafa57afc0e4c98db88b67f2094cb44488758f06e5da95d7036f19556a4a732525e84289a425f4f6fd8e412a9d7442f
  languageName: node
  linkType: hard

"postcss@npm:8.4.14":
  version: 8.4.14
  resolution: "postcss@npm:8.4.14"
  dependencies:
    nanoid: ^3.3.4
    picocolors: ^1.0.0
    source-map-js: ^1.0.2
  checksum: fe58766ff32e4becf65a7d57678995cfd239df6deed2fe0557f038b47c94e4132e7e5f68b5aa820c13adfec32e523b693efaeb65798efb995ce49ccd83953816
  languageName: node
  linkType: hard

"prop-types@npm:^15.6.1":
  version: 15.8.1
  resolution: "prop-types@npm:15.8.1"
  dependencies:
    loose-envify: ^1.4.0
    object-assign: ^4.1.1
    react-is: ^16.13.1
  checksum: c056d3f1c057cb7ff8344c645450e14f088a915d078dcda795041765047fa080d38e5d626560ccaac94a4e16e3aa15f3557c1a9a8d1174530955e992c675e459
  languageName: node
  linkType: hard

"react-dom@npm:^18.2.0":
  version: 18.2.0
  resolution: "react-dom@npm:18.2.0"
  dependencies:
    loose-envify: ^1.1.0
    scheduler: ^0.23.0
  peerDependencies:
    react: ^18.2.0
  checksum: 7d323310bea3a91be2965f9468d552f201b1c27891e45ddc2d6b8f717680c95a75ae0bc1e3f5cf41472446a2589a75aed4483aee8169287909fcd59ad149e8cc
  languageName: node
  linkType: hard

"react-icons@npm:^4.7.1":
  version: 4.7.1
  resolution: "react-icons@npm:4.7.1"
  peerDependencies:
    react: "*"
  checksum: ed3cbdc5fc0c4d7d2debf78fdc8c4c80aeacf85a506a9a3c11b1d5922de393ac0a6542012b7fb81761e9280c54d0f26827d50a92b54ec8f0c8e52364d89970b5
  languageName: node
  linkType: hard

"react-is@npm:^16.13.1":
  version: 16.13.1
  resolution: "react-is@npm:16.13.1"
  checksum: f7a19ac3496de32ca9ae12aa030f00f14a3d45374f1ceca0af707c831b2a6098ef0d6bdae51bd437b0a306d7f01d4677fcc8de7c0d331eb47ad0f46130e53c5f
  languageName: node
  linkType: hard

"react-responsive@npm:^9.0.0":
  version: 9.0.2
  resolution: "react-responsive@npm:9.0.2"
  dependencies:
    hyphenate-style-name: ^1.0.0
    matchmediaquery: ^0.3.0
    prop-types: ^15.6.1
    shallow-equal: ^1.2.1
  peerDependencies:
    react: ">=16.8.0"
  checksum: 97c827db903125f256d7197161bf4c1d77044b12aa2fee05b7d0dc2317eab62897c006a68940c5399c209da2732e4901e92a93bf09c113ac9334232bb842ffd4
  languageName: node
  linkType: hard

"react@npm:^18.2.0":
  version: 18.2.0
  resolution: "react@npm:18.2.0"
  dependencies:
    loose-envify: ^1.1.0
  checksum: 88e38092da8839b830cda6feef2e8505dec8ace60579e46aa5490fc3dc9bba0bd50336507dc166f43e3afc1c42939c09fe33b25fae889d6f402721dcd78fca1b
  languageName: node
  linkType: hard

"scheduler@npm:^0.23.0":
  version: 0.23.0
  resolution: "scheduler@npm:0.23.0"
  dependencies:
    loose-envify: ^1.1.0
  checksum: d79192eeaa12abef860c195ea45d37cbf2bbf5f66e3c4dcd16f54a7da53b17788a70d109ee3d3dde1a0fd50e6a8fc171f4300356c5aee4fc0171de526bf35f8a
  languageName: node
  linkType: hard

"shallow-equal@npm:^1.2.1":
  version: 1.2.1
  resolution: "shallow-equal@npm:1.2.1"
  checksum: 4f1645cc516e7754c4438db687e1da439a5f29a7dba2ba90c5f88e5708aeb17bc4355ba45cad805b0e95dc898e37d8bf6d77d854919c7512f89939986cff8cd1
  languageName: node
  linkType: hard

"smooth-code-business-card@workspace:.":
  version: 0.0.0-use.local
  resolution: "smooth-code-business-card@workspace:."
  dependencies:
    "@types/react": ^18.0.28
    "@types/react-dom": ^18.0.11
    clsx: ^1.1.1
    lodash: ^4.17.21
    next: ^12.3.1
    postcss-nesting: ^10.2.0
    postcss-preset-env: ^7.8.3
    react: ^18.2.0
    react-dom: ^18.2.0
    react-icons: ^4.7.1
    react-responsive: ^9.0.0
    typescript: ^5.0.2
  languageName: unknown
  linkType: soft

"source-map-js@npm:^1.0.2":
  version: 1.0.2
  resolution: "source-map-js@npm:1.0.2"
  checksum: c049a7fc4deb9a7e9b481ae3d424cc793cb4845daa690bc5a05d428bf41bf231ced49b4cf0c9e77f9d42fdb3d20d6187619fc586605f5eabe995a316da8d377c
  languageName: node
  linkType: hard

"styled-jsx@npm:5.0.7":
  version: 5.0.7
  resolution: "styled-jsx@npm:5.0.7"
  peerDependencies:
    react: ">= 16.8.0 || 17.x.x || ^18.0.0-0"
  peerDependenciesMeta:
    "@babel/core":
      optional: true
    babel-plugin-macros:
      optional: true
  checksum: 61959993915f4b1662a682dbbefb3512de9399cf6901969bcadd26ba5441d2b5ca5c1021b233bbd573da2541b41efb45d56c6f618dbc8d88a381ebc62461fefe
  languageName: node
  linkType: hard

"tslib@npm:^2.4.0":
  version: 2.5.0
  resolution: "tslib@npm:2.5.0"
  checksum: ae3ed5f9ce29932d049908ebfdf21b3a003a85653a9a140d614da6b767a93ef94f460e52c3d787f0e4f383546981713f165037dc2274df212ea9f8a4541004e1
  languageName: node
  linkType: hard

"typescript@npm:^5.0.2":
  version: 5.0.2
  resolution: "typescript@npm:5.0.2"
  bin:
    tsc: bin/tsc
    tsserver: bin/tsserver
  checksum: bef1dcd166acfc6934b2ec4d72f93edb8961a5fab36b8dd2aaf6f4f4cd5c0210f2e0850aef4724f3b4913d5aef203a94a28ded731b370880c8bcff7e4ff91fc1
  languageName: node
  linkType: hard

"typescript@patch:typescript@^5.0.2#~builtin<compat/typescript>":
  version: 5.0.2
  resolution: "typescript@patch:typescript@npm%3A5.0.2#~builtin<compat/typescript>::version=5.0.2&hash=1f5320"
  bin:
    tsc: bin/tsc
    tsserver: bin/tsserver
  checksum: bdbf3d0aac0d6cf010fbe0536753dc19f278eb4aba88140dcd25487dfe1c56ca8b33abc0dcd42078790a939b08ebc4046f3e9bb961d77d3d2c3cfa9829da4d53
  languageName: node
  linkType: hard

"update-browserslist-db@npm:^1.0.10":
  version: 1.0.10
  resolution: "update-browserslist-db@npm:1.0.10"
  dependencies:
    escalade: ^3.1.1
    picocolors: ^1.0.0
  peerDependencies:
    browserslist: ">= 4.21.0"
  bin:
    browserslist-lint: cli.js
  checksum: 12db73b4f63029ac407b153732e7cd69a1ea8206c9100b482b7d12859cd3cd0bc59c602d7ae31e652706189f1acb90d42c53ab24a5ba563ed13aebdddc5561a0
  languageName: node
  linkType: hard

"use-sync-external-store@npm:1.2.0":
  version: 1.2.0
  resolution: "use-sync-external-store@npm:1.2.0"
  peerDependencies:
    react: ^16.8.0 || ^17.0.0 || ^18.0.0
  checksum: 5c639e0f8da3521d605f59ce5be9e094ca772bd44a4ce7322b055a6f58eeed8dda3c94cabd90c7a41fb6fa852210092008afe48f7038792fd47501f33299116a
  languageName: node
  linkType: hard

"util-deprecate@npm:^1.0.2":
  version: 1.0.2
  resolution: "util-deprecate@npm:1.0.2"
  checksum: 474acf1146cb2701fe3b074892217553dfcf9a031280919ba1b8d651a068c9b15d863b7303cb15bd00a862b498e6cf4ad7b4a08fb134edd5a6f7641681cb54a2
  languageName: node
  linkType: hard
